
Microsoft Visual Studio Solution File, Format Version 12.00
Project("{FAE04EC0-301F-11D3-BF4B-00C04F79EFBC}") = "Ehhmake", "Ehhmake\Ehhmake.csproj", "{77EF08E4-665A-4B8B-9121-468E40F40A1B}"
EndProject
Global
	GlobalSection(SolutionConfigurationPlatforms) = preSolution
		Debug|Any CPU = Debug|Any CPU
		Release|Any CPU = Release|Any CPU
	EndGlobalSection
	GlobalSection(ProjectConfigurationPlatforms) = postSolution
		{77EF08E4-665A-4B8B-9121-468E40F40A1B}.Debug|Any CPU.ActiveCfg = Debug|Any CPU
		{77EF08E4-665A-4B8B-9121-468E40F40A1B}.Debug|Any CPU.Build.0 = Debug|Any CPU
		{77EF08E4-665A-4B8B-9121-468E40F40A1B}.Release|Any CPU.ActiveCfg = Release|Any CPU
		{77EF08E4-665A-4B8B-9121-468E40F40A1B}.Release|Any CPU.Build.0 = Release|Any CPU
	EndGlobalSection
EndGlobal
